
Microsoft Visual Studio Solution File, Format Version 12.00
# Visual Studio Version 17
VisualStudioVersion = 17.11.35303.130
MinimumVisualStudioVersion = 10.0.40219.1
Project("{8BC9CEB8-8B4A-11D0-8D11-00A0C91BC942}") = "l2", "l2\l2.vcxproj", "{5FDF4C09-C117-45B3-AD09-D4E5EFE7634A}"
EndProject
Global
	GlobalSection(SolutionConfigurationPlatforms) = preSolution
		Debug|x64 = Debug|x64
		Debug|x86 = Debug|x86
		Release|x64 = Release|x64
		Release|x86 = Release|x86
	EndGlobalSection
	GlobalSection(ProjectConfigurationPlatforms) = postSolution
		{5FDF4C09-C117-45B3-AD09-D4E5EFE7634A}.Debug|x64.ActiveCfg = Debug|x64
		{5FDF4C09-C117-45B3-AD09-D4E5EFE7634A}.Debug|x64.Build.0 = Debug|x64
		{5FDF4C09-C117-45B3-AD09-D4E5EFE7634A}.Debug|x86.ActiveCfg = Debug|Win32
		{5FDF4C09-C117-45B3-AD09-D4E5EFE7634A}.Debug|x86.Build.0 = Debug|Win32
		{5FDF4C09-C117-45B3-AD09-D4E5EFE7634A}.Release|x64.ActiveCfg = Release|x64
		{5FDF4C09-C117-45B3-AD09-D4E5EFE7634A}.Release|x64.Build.0 = Release|x64
		{5FDF4C09-C117-45B3-AD09-D4E5EFE7634A}.Release|x86.ActiveCfg = Release|Win32
		{5FDF4C09-C117-45B3-AD09-D4E5EFE7634A}.Release|x86.Build.0 = Release|Win32
	EndGlobalSection
	GlobalSection(SolutionProperties) = preSolution
		HideSolutionNode = FALSE
	EndGlobalSection
	GlobalSection(ExtensibilityGlobals) = postSolution
		SolutionGuid = {36F1FB1D-2AE8-4EEC-9DDE-43C27914DD2B}
	EndGlobalSection
EndGlobal
