
Microsoft Visual Studio Solution File, Format Version 12.00
# Visual Studio Version 17
VisualStudioVersion = 17.11.35303.130
MinimumVisualStudioVersion = 10.0.40219.1
Project("{8BC9CEB8-8B4A-11D0-8D11-00A0C91BC942}") = "l5", "l5\l5.vcxproj", "{360CE4B1-3A1B-4B26-95C5-EC02EE184BF0}"
EndProject
Global
	GlobalSection(SolutionConfigurationPlatforms) = preSolution
		Debug|x64 = Debug|x64
		Debug|x86 = Debug|x86
		Release|x64 = Release|x64
		Release|x86 = Release|x86
	EndGlobalSection
	GlobalSection(ProjectConfigurationPlatforms) = postSolution
		{360CE4B1-3A1B-4B26-95C5-EC02EE184BF0}.Debug|x64.ActiveCfg = Debug|x64
		{360CE4B1-3A1B-4B26-95C5-EC02EE184BF0}.Debug|x64.Build.0 = Debug|x64
		{360CE4B1-3A1B-4B26-95C5-EC02EE184BF0}.Debug|x86.ActiveCfg = Debug|Win32
		{360CE4B1-3A1B-4B26-95C5-EC02EE184BF0}.Debug|x86.Build.0 = Debug|Win32
		{360CE4B1-3A1B-4B26-95C5-EC02EE184BF0}.Release|x64.ActiveCfg = Release|x64
		{360CE4B1-3A1B-4B26-95C5-EC02EE184BF0}.Release|x64.Build.0 = Release|x64
		{360CE4B1-3A1B-4B26-95C5-EC02EE184BF0}.Release|x86.ActiveCfg = Release|Win32
		{360CE4B1-3A1B-4B26-95C5-EC02EE184BF0}.Release|x86.Build.0 = Release|Win32
	EndGlobalSection
	GlobalSection(SolutionProperties) = preSolution
		HideSolutionNode = FALSE
	EndGlobalSection
	GlobalSection(ExtensibilityGlobals) = postSolution
		SolutionGuid = {78A6AE2A-BF0B-41E2-80C7-9BDF7D6B6375}
	EndGlobalSection
EndGlobal
